{
  "originHash" : "cfa0ab2496bac32e79bcefcd7dfd9c0f7c82aa6561171b8a53b97b7da1fc6eee",
  "pins" : [
    {
      "identity" : "swift-syntax",
      "kind" : "remoteSourceControl",
      "location" : "https://github.com/apple/swift-syntax.git",
      "state" : {
        "revision" : "0687f71944021d616d34d922343dcef086855920",
        "version" : "600.0.1"
      }
    }
  ],
  "version" : 3
}
